
Microsoft Visual Studio Solution File, Format Version 12.00
# Visual Studio Version 16
VisualStudioVersion = 16.0.33027.164
MinimumVisualStudioVersion = 10.0.40219.1
Project("{FAE04EC0-301F-11D3-BF4B-00C04F79EFBC}") = "BankSys", "BankSys\BankSys.csproj", "{2A24D34D-618D-4F16-89AD-D704EF6C8A1F}"
EndProject
Global
	GlobalSection(SolutionConfigurationPlatforms) = preSolution
		Debug|Any CPU = Debug|Any CPU
		Release|Any CPU = Release|Any CPU
	EndGlobalSection
	GlobalSection(ProjectConfigurationPlatforms) = postSolution
		{2A24D34D-618D-4F16-89AD-D704EF6C8A1F}.Debug|Any CPU.ActiveCfg = Debug|Any CPU
		{2A24D34D-618D-4F16-89AD-D704EF6C8A1F}.Debug|Any CPU.Build.0 = Debug|Any CPU
		{2A24D34D-618D-4F16-89AD-D704EF6C8A1F}.Release|Any CPU.ActiveCfg = Release|Any CPU
		{2A24D34D-618D-4F16-89AD-D704EF6C8A1F}.Release|Any CPU.Build.0 = Release|Any CPU
	EndGlobalSection
	GlobalSection(SolutionProperties) = preSolution
		HideSolutionNode = FALSE
	EndGlobalSection
	GlobalSection(ExtensibilityGlobals) = postSolution
		SolutionGuid = {245EED9A-8778-44B7-8908-FEC9CC3A582E}
	EndGlobalSection
EndGlobal
